name: base
channels:
- bioconda
- conda-forge
dependencies:
- _openmp_mutex=4.5=20_gnu
- _python_abi3_support=1.0=hd8ed1ab_2
- _r-mutex=1.0.1=anacondar_1
- alsa-lib=1.2.15.3=hb03c661_0
- amply=0.1.6=pyhd8ed1ab_1
- annotated-types=0.7.0=pyhd8ed1ab_1
- appdirs=1.4.4=pyhd8ed1ab_1
- argcomplete=3.6.3=pyhd8ed1ab_0
- argparse-dataclass=2.0.0=pyhd8ed1ab_1
- attrs=26.1.0=pyhcf101f3_0
- augustus=3.5.0=pl5321h57ba348_8
- backports.zstd=1.5.0=py310h69bd2ac_0
- bamtools=2.5.3=he132191_0
- bbmap=39.81=h9b5c0a0_1
- binutils_impl_linux-64=2.45.1=default_hfdba357_102
- bioconductor-annotate=1.88.0=r45hdfd78af_0
- bioconductor-annotationdbi=1.72.0=r45hdfd78af_0
- bioconductor-biobase=2.70.0=r45h01b2380_0
- bioconductor-biocfilecache=3.0.0=r45hdfd78af_0
- bioconductor-biocgenerics=0.56.0=r45hdfd78af_2
- bioconductor-biocio=1.20.0=r45hdfd78af_0
- bioconductor-biocparallel=1.44.0=r45ha27e39d_1
- bioconductor-biomart=2.66.1=r45hdfd78af_0
- bioconductor-biostrings=2.78.0=r45h01b2380_0
- bioconductor-cigarillo=1.0.0=r45h01b2380_0
- bioconductor-ctc=1.84.0=r45hdfd78af_0
- bioconductor-data-packages=20260207=hdfd78af_0
- bioconductor-delayedarray=0.36.0=r45h01b2380_0
- bioconductor-deseq2=1.50.2=r45ha27e39d_0
- bioconductor-dexseq=1.56.0=r45hdfd78af_0
- bioconductor-ebseq=2.8.0=r45ha27e39d_0
- bioconductor-edger=4.8.2=r45h01b2380_0
- bioconductor-genefilter=1.92.0=r45h9e4a190_0
- bioconductor-genelendatabase=1.46.0=r45hdfd78af_0
- bioconductor-geneplotter=1.88.0=r45hdfd78af_0
- bioconductor-genomeinfodb=1.46.2=r45hdfd78af_0
- bioconductor-genomicalignments=1.46.0=r45h01b2380_0
- bioconductor-genomicfeatures=1.62.0=r45hdfd78af_0
- bioconductor-genomicranges=1.62.1=r45h01b2380_0
- bioconductor-go.db=3.22.0=r45hdfd78af_0
- bioconductor-goseq=1.62.0=r45hdfd78af_0
- bioconductor-iranges=2.44.0=r45h01b2380_1
- bioconductor-keggrest=1.50.0=r45hdfd78af_0
- bioconductor-limma=3.66.0=r45h01b2380_0
- bioconductor-matrixgenerics=1.22.0=r45hdfd78af_1
- bioconductor-qvalue=2.42.0=r45hdfd78af_0
- bioconductor-rhtslib=3.6.0=r45h01b2380_0
- bioconductor-rsamtools=2.26.0=r45ha27e39d_0
- bioconductor-rtracklayer=1.70.1=r45h01b2380_0
- bioconductor-s4arrays=1.10.1=r45h01b2380_0
- bioconductor-s4vectors=0.48.0=r45h01b2380_1
- bioconductor-seqinfo=1.0.0=r45hdfd78af_0
- bioconductor-seqlogo=1.76.0=r45hdfd78af_0
- bioconductor-sparsearray=1.10.8=r45h01b2380_0
- bioconductor-summarizedexperiment=1.40.0=r45hdfd78af_0
- bioconductor-txdbmaker=1.6.2=r45hdfd78af_0
- bioconductor-ucsc.utils=1.6.1=r45hdfd78af_0
- bioconductor-xvector=0.50.0=r45h01b2380_0
- biopython=1.87=py310h7c4b9e2_0
- blast=2.17.0=h66d330f_0
- boost-cpp=1.85.0=h3c6214e_4
- bowtie2=2.5.5=ha27dd3b_0
- brotli=1.2.0=hed03a55_1
- brotli-bin=1.2.0=hb03c661_1
- brotli-python=1.2.0=py310hba01987_1
- busco=6.0.0=pyhdfd78af_3
- bwidget=1.10.1=ha770c72_1
- bzip2=1.0.8=hda65f42_9
- c-ares=1.34.6=hb03c661_0
- ca-certificates=2026.5.20=hbd8a1cb_0
- cairo=1.18.4=h3394656_0
- cd-hit=4.8.1=h5ca1c30_13
- cdbtools=0.99=h077b44d_12
- certifi=2026.5.20=pyhd8ed1ab_0
- charset-normalizer=3.4.7=pyhd8ed1ab_0
- click=8.4.1=pyhc90fa1f_0
- clustalw=2.1=h9948957_12
- coin-or-cbc=2.10.13=h4d16d09_1
- coin-or-cgl=0.60.10=hc46dffc_1
- coin-or-clp=1.17.11=hc03379b_1
- coin-or-osi=0.108.12=hf4fecb4_1
- coin-or-utils=2.11.13=hc93afbd_1
- coincbc=2.10.13=1_metapackage
- coloredlogs=15.0.1=pyhd8ed1ab_4
- colormath=3.0.0=pyhd8ed1ab_4
- configargparse=1.7.5=pyhcf101f3_0
- connection_pool=0.0.3=pyhd3deb0d_0
- contourpy=1.3.2=py310h3788b33_0
- coreutils=9.5=hd590300_0
- cpython=3.10.20=py310hd8ed1ab_0
- curl=8.20.0=hcf29cc6_0
- cycler=0.12.1=pyhcf101f3_2
- datrie=0.8.3=py310h7c4b9e2_0
- dendropy=5.0.8=pyhdfd78af_1
- diamond=2.2.1=he361c42_0
- dnspython=2.8.0=pyhcf101f3_0
- docutils=0.23=pyhcf101f3_0
- dpath=2.2.0=pyha770c72_1
- entrez-direct=24.0=he881be0_0
- expat=2.8.1=hecca717_0
- fastp=1.3.3=h43da1c4_0
- fastqc=0.12.1=hdfd78af_0
- fasttree=2.2.0=h7b50bb2_1
- font-ttf-dejavu-sans-mono=2.37=hab24e00_0
- font-ttf-inconsolata=3.000=h77eed37_0
- font-ttf-source-code-pro=2.038=h77eed37_0
- font-ttf-ubuntu=0.83=h77eed37_3
- fontconfig=2.18.0=h27c8c51_0
- fonts-conda-ecosystem=1=0
- fonts-conda-forge=1=hc364b38_1
- fonttools=4.63.0=py310h3406613_0
- freetype=2.14.3=ha770c72_0
- fribidi=1.0.16=hb03c661_0
- gawk=5.4.0=h0a3468a_0
- gcc_impl_linux-64=15.2.0=he0086c7_19
- gfortran_impl_linux-64=15.2.0=h281d09f_19
- giflib=5.2.2=hd590300_0
- gitdb=4.0.12=pyhd8ed1ab_0
- gitpython=3.1.50=pyhd8ed1ab_0
- glpk=5.0=h445213a_0
- gmp=6.3.0=hac33072_2
- graphite2=1.3.14=hecca717_2
- gsl=2.7=he838d99_0
- gxx_impl_linux-64=15.2.0=hda75c37_19
- h2=4.3.0=pyhcf101f3_0
- harfbuzz=12.2.0=h15599e2_0
- hdf5=1.14.3=nompi_h2d575fe_109
- hmmer=3.4=hb6cb901_4
- hpack=4.1.0=pyhd8ed1ab_0
- htslib=1.23.1=h633afcb_0
- humanfriendly=10.0=pyh707e725_8
- humanize=4.15.0=pyhd8ed1ab_0
- hyperframe=6.1.0=pyhd8ed1ab_0
- icu=75.1=he02047a_0
- idna=3.17=pyhcf101f3_0
- importlib-metadata=9.0.0=pyhcf101f3_0
- infernal=1.1.5=pl5321h7b50bb2_4
- isa-l=2.31.1=hb9d3cd8_1
- jinja2=3.1.6=pyhcf101f3_1
- jq=1.8.1=h73b1eb8_0
- jsoncpp=1.9.6=hf42df4d_1
- jsonschema=4.26.0=pyhcf101f3_0
- jsonschema-specifications=2025.9.1=pyhcf101f3_0
- jupyter_core=5.9.1=pyhc90fa1f_0
- kaleido-core=0.2.1=h3644ca4_0
- kallisto=0.52.0=h13ff97a_0
- kernel-headers_linux-64=5.14.0=he073ed8_3
- keyutils=1.6.3=hb9d3cd8_0
- kiwisolver=1.5.0=py310haaf941d_0
- kmer-jellyfish=2.3.1=py310pl5321h184ae93_6
- krb5=1.22.2=ha1258a1_0
- lcms2=2.19.1=h0c24ade_0
- ld_impl_linux-64=2.45.1=default_hbd61a6d_102
- lerc=4.1.0=hdb68285_0
- libaec=1.1.5=h088129d_0
- libamd=3.3.3=h456b2da_7100101
- libasprintf=0.25.1=h3f43e3d_1
- libblas=3.11.0=8_h4a7cf45_openblas
- libboost=1.85.0=h0ccab89_4
- libboost-devel=1.85.0=h00ab1b0_4
- libboost-headers=1.85.0=ha770c72_4
- libbrotlicommon=1.2.0=hb03c661_1
- libbrotlidec=1.2.0=hb03c661_1
- libbrotlienc=1.2.0=hb03c661_1
- libbtf=2.3.2=hf02c80a_7100101
- libcamd=3.3.3=hf02c80a_7100101
- libcblas=3.11.0=8_h0358290_openblas
- libccolamd=3.3.4=hf02c80a_7100101
- libcholmod=5.3.1=h9cf07ce_7100101
- libcolamd=3.3.4=hf02c80a_7100101
- libcups=2.3.3=h7a8fb5f_6
- libcurl=8.20.0=hcf29cc6_0
- libcxsparse=4.4.1=hf02c80a_7100101
- libdb=6.2.32=h9c3ff4c_0
- libdeflate=1.25=h17f619e_0
- libedit=3.1.20250104=pl5321h7949ede_0
- libev=4.33=hd590300_2
- libexpat=2.8.1=hecca717_0
- libffi=3.5.2=h3435931_0
- libfreetype=2.14.3=ha770c72_0
- libfreetype6=2.14.3=h73754d4_0
- libgcc=15.2.0=he0feb66_19
- libgcc-devel_linux-64=15.2.0=hcc6f6b0_119
- libgcc-ng=15.2.0=h69a702a_19
- libgettextpo=0.25.1=h3f43e3d_1
- libgfortran=15.2.0=h69a702a_19
- libgfortran-ng=15.2.0=h69a702a_19
- libgfortran5=15.2.0=h68bc16d_19
- libglib=2.88.1=h0d30a3d_2
- libgomp=15.2.0=he0feb66_19
- libhwloc=2.13.0=default_he001693_1000
- libhwy=1.3.0=h4c17acf_1
- libiconv=1.18=h3b78370_2
- libidn2=2.3.8=hfac485b_1
- libjpeg-turbo=3.1.4.1=hb03c661_0
- libklu=2.3.5=h95ff59c_7100101
- liblapack=3.11.0=8_h47877c9_openblas
- liblapacke=3.11.0=8_h6ae95b6_openblas
- libldl=3.3.2=hf02c80a_7100101
- liblzma=5.8.3=hb03c661_0
- liblzma-devel=5.8.3=hb03c661_0
- libnghttp2=1.68.1=h877daf1_0
- libnsl=2.0.1=hb9d3cd8_1
- libopenblas=0.3.33=pthreads_h94d23a6_0
- libopenssl-static=3.6.2=hb03c661_0
- libparu=1.0.0=hc6afc67_7100101
- libpng=1.6.58=h421ea60_0
- librbio=4.3.4=hf02c80a_7100101
- libsanitizer=15.2.0=h90f66d4_19
- libspex=3.2.3=h9226d62_7100101
- libspqr=4.3.4=h23b7119_7100101
- libsqlite=3.53.1=h0c1763c_0
- libssh2=1.11.1=hcf80075_0
- libstdcxx=15.2.0=h934c35e_19
- libstdcxx-devel_linux-64=15.2.0=hd446a21_119
- libstdcxx-ng=15.2.0=hdf11a46_19
- libsuitesparseconfig=7.10.1=h901830b_7100101
- libtiff=4.7.1=h9d88235_1
- libumfpack=6.3.5=h873dde6_7100101
- libunistring=0.9.10=h7f98852_0
- libuuid=2.42.1=h5347b49_0
- libuv=1.52.1=h280c20c_0
- libwebp-base=1.6.0=hd42ef1d_0
- libxcb=1.17.0=h8a09558_0
- libxcrypt=4.4.36=hd590300_1
- libxml2=2.15.1=h26afc86_0
- libxml2-16=2.15.1=ha9997c6_0
- libxml2-devel=2.15.1=h26afc86_0
- libzlib=1.3.2=h25fd6f3_2
- lp_solve=5.5.2.11=hd590300_0
- mafft=7.526=h4bc722e_0
- make=4.4.1=hb9d3cd8_2
- markdown=3.10.2=pyhcf101f3_0
- markdown-it-py=4.2.0=pyhd8ed1ab_0
- markupsafe=3.0.3=py310h3406613_1
- mathjax=2.7.7=ha770c72_3
- matplotlib-base=3.10.9=py310hfde16b3_0
- mdurl=0.1.2=pyhd8ed1ab_1
- metaeuk=7.bba0d80=pl5321hd6d6fdc_2
- metis=5.1.0=hd0bcaf9_1007
- mimalloc=3.2.8=h54a6638_0
- miniprot=0.18=h577a1d6_0
- mpfr=4.2.2=he0a73b1_0
- mpi=1.0=openmpi
- multiqc=1.35=pyhdfd78af_1
- munkres=1.1.4=pyhd8ed1ab_1
- muscle=3.8.1551=h9948957_9
- mysql-connector-c=6.1.11=h659d440_1008
- narwhals=2.21.2=pyhcf101f3_0
- natsort=8.4.0=pyhcf101f3_2
- nbformat=5.10.4=pyhd8ed1ab_1
- ncbi-vdb=3.4.1=hd63eeec_0
- ncurses=6.6=hdb14827_0
- networkx=3.4.2=pyh267e887_2
- nspr=4.38=h29cc59b_0
- nss=3.118=h445c969_0
- numpy=2.2.6=py310hefbff90_0
- oniguruma=6.9.10=hb9d3cd8_0
- openjdk=25.0.1=h5755bd7_0
- openjpeg=2.5.4=h55fea9a_0
- openmpi=4.1.6=hc5af2df_101
- openssl=3.6.2=h35e630c_0
- ossuuid=1.6.2=h5888daf_1001
- packaging=26.2=pyhc364b38_0
- pandas=2.3.3=py310h0158d43_2
- pandoc=3.9.0.2=ha770c72_0
- pango=1.56.4=hadf4263_0
- pasta=1.9.3=py310h69a81e4_0
- pcre=8.45=h9c3ff4c_0
- pcre2=10.47=haa7fec5_0
- perl=5.32.1=7_hd590300_perl5
- perl-alien-build=2.84=pl5321h7b50bb2_1
- perl-alien-libxml2=0.17=pl5321h577a1d6_1
- perl-app-cpanminus=1.7048=pl5321hd8ed1ab_0
- perl-archive-tar=3.10=pl5321hdfd78af_0
- perl-business-isbn=3.007=pl5321hd8ed1ab_0
- perl-business-isbn-data=20210112.006=pl5321hd8ed1ab_0
- perl-capture-tiny=0.48=pl5321ha770c72_1
- perl-carp=1.50=pl5321hd8ed1ab_0
- perl-class-method-modifiers=2.13=pl5321ha770c72_0
- perl-common-sense=3.75=pl5321hd8ed1ab_0
- perl-compress-raw-bzip2=2.214=pl5321hda65f42_0
- perl-compress-raw-zlib=2.214=pl5321h4dac143_0
- perl-constant=1.33=pl5321hd8ed1ab_0
- perl-db_file=1.858=pl5321hb9d3cd8_0
- perl-dbd-sqlite=1.78=pl5321h6709bd3_0
- perl-dbi=1.647=pl5321hb03c661_0
- perl-encode=3.21=pl5321hb9d3cd8_1
- perl-exporter=5.74=pl5321hd8ed1ab_0
- perl-exporter-tiny=1.002002=pl5321hd8ed1ab_0
- perl-extutils-makemaker=7.70=pl5321hd8ed1ab_0
- perl-ffi-checklib=0.28=pl5321hdfd78af_0
- perl-file-chdir=0.1011=pl5321hd8ed1ab_0
- perl-file-find-rule=0.35=pl5321hdfd78af_0
- perl-file-path=2.18=pl5321hd8ed1ab_0
- perl-file-temp=0.2304=pl5321hd8ed1ab_0
- perl-file-which=1.24=pl5321hd8ed1ab_0
- perl-importer=0.026=pl5321hd8ed1ab_0
- perl-inc-latest=0.500=pl5321ha770c72_0
- perl-io-compress=2.216=pl5321h503566f_0
- perl-io-zlib=1.15=pl5321hdfd78af_1
- perl-json=4.11=pl5321hdfd78af_0
- perl-json-xs=4.04=pl5321h9948957_0
- perl-list-moreutils=0.430=pl5321hdfd78af_0
- perl-list-moreutils-xs=0.430=pl5321h7b50bb2_5
- perl-module-build=0.4234=pl5321ha770c72_1
- perl-moo=2.005004=pl5321ha770c72_0
- perl-number-compare=0.03=pl5321hd8ed1ab_0
- perl-parallel-forkmanager=2.04=pl5321hdfd78af_0
- perl-parent=0.243=pl5321hd8ed1ab_0
- perl-path-tiny=0.150=pl5321hd8ed1ab_0
- perl-pathtools=3.75=pl5321hb9d3cd8_2
- perl-role-tiny=2.002004=pl5321ha770c72_0
- perl-scalar-list-utils=1.70=pl5321hb03c661_0
- perl-scope-guard=0.21=pl5321hd8ed1ab_0
- perl-storable=3.15=pl5321hb9d3cd8_2
- perl-sub-info=0.002=pl5321hd8ed1ab_0
- perl-sub-quote=2.006006=pl5321ha770c72_0
- perl-term-table=0.028=pl5321hdfd78af_0
- perl-test-fatal=0.016=pl5321ha770c72_0
- perl-test-warnings=0.031=pl5321ha770c72_0
- perl-test2-suite=0.000163=pl5321hdfd78af_0
- perl-text-glob=0.11=pl5321hdfd78af_2
- perl-try-tiny=0.31=pl5321ha770c72_0
- perl-types-serialiser=1.01=pl5321hdfd78af_0
- perl-uri=5.34=pl5321ha770c72_0
- perl-xml-libxml=2.0210=pl5321hf886d80_0
- perl-xml-namespacesupport=1.12=pl5321hd8ed1ab_0
- perl-xml-sax=1.02=pl5321hd8ed1ab_0
- perl-xml-sax-base=1.09=pl5321hd8ed1ab_0
- perl-yaml=1.30=pl5321hdfd78af_0
- pigz=2.8=h421ea60_2
- pillow=12.2.0=py310h5a73078_0
- pip=26.1.1=pyh8b19718_0
- pixman=0.46.4=h54a6638_1
- platformdirs=4.10.0=pyhcf101f3_0
- plotly=6.6.0=pyhd8ed1ab_0
- polars=1.41.1=pyh58ad624_0
- polars-runtime-32=1.41.1=py310h49dadd8_0
- polars-runtime-compat=1.41.1=py310hcbd6021_0
- prank=170427=h9948957_1
- prodigal=2.6.3=h577a1d6_11
- psutil=7.2.2=py310h139afa4_0
- pthread-stubs=0.4=hb9d3cd8_1002
- pulp=2.7.0=py310hff52083_1
- pyaml-env=1.2.2=pyhd8ed1ab_0
- pydantic=2.13.4=pyhcf101f3_0
- pydantic-core=2.46.4=py310hd8f68c5_0
- pygments=2.20.0=pyhd8ed1ab_0
- pymongo=4.17.0=py310hea6c23e_0
- pyparsing=3.3.2=pyhcf101f3_0
- pysocks=1.7.1=pyha55dd90_7
- python=3.10.20=h3c07f61_0_cpython
- python-dateutil=2.9.0.post0=pyhe01879c_2
- python-dotenv=1.2.2=pyhcf101f3_0
- python-fastjsonschema=2.21.2=pyhe01879c_0
- python-gil=3.10.20=hd8ed1ab_0
- python-kaleido=0.2.1=pyhd8ed1ab_0
- python-tzdata=2026.2=pyhd8ed1ab_0
- python_abi=3.10=8_cp310
- pytz=2026.2=pyhcf101f3_0
- pyyaml=6.0.3=py310h3406613_1
- qhull=2020.2=h434a139_5
- r-abind=1.4_8=r45hc72bb7e_1
- r-amap=0.8_20=r45ha36cffa_1
- r-ape=5.8_1=r45h3704496_2
- r-argparse=2.3.1=r45hc72bb7e_0
- r-askpass=1.2.1=r45h54b55ab_1
- r-assertthat=0.2.1=r45hc72bb7e_6
- r-backports=1.5.1=r45h54b55ab_0
- r-base=4.5.2=h835929b_3
- r-base64enc=0.1_6=r45h54b55ab_0
- r-bh=1.87.0_1=r45hc72bb7e_1
- r-biasedurn=2.0.12=r45h3697838_2
- r-bit=4.6.0=r45h54b55ab_1
- r-bit64=4.8.2=r45h54b55ab_0
- r-bitops=1.0_9=r45h54b55ab_1
- r-blob=1.3.0=r45hc72bb7e_0
- r-blockmodeling=1.1.8=r45heaba542_1
- r-brio=1.1.5=r45h54b55ab_2
- r-broom=1.0.13=r45hc72bb7e_0
- r-bslib=0.11.0=r45hc72bb7e_0
- r-cachem=1.1.0=r45h54b55ab_2
- r-callr=3.7.6=r45hc72bb7e_2
- r-catools=1.18.3=r45h3697838_1
- r-cellranger=1.1.0=r45hc72bb7e_1008
- r-cli=3.6.6=r45h3697838_0
- r-clipr=0.8.1=r45hc72bb7e_0
- r-cluster=2.1.8.2=r45heaba542_0
- r-codetools=0.2_20=r45hc72bb7e_2
- r-colorspace=2.1_2=r45h54b55ab_0
- r-conflicted=1.2.0=r45h785f33e_3
- r-cpp11=0.5.5=r45h785f33e_0
- r-crayon=1.5.3=r45hc72bb7e_2
- r-curl=7.1.0=r45h10955f1_0
- r-data.table=1.17.8=r45h1c8cec4_1
- r-dbi=1.3.0=r45hc72bb7e_0
- r-dbplyr=2.5.2=r45hc72bb7e_0
- r-desc=1.4.3=r45hc72bb7e_2
- r-diffobj=0.3.6=r45h54b55ab_1
- r-digest=0.6.39=r45h3697838_0
- r-dplyr=1.2.1=r45h3697838_0
- r-dtplyr=1.3.3=r45hc72bb7e_0
- r-ellipsis=0.3.3=r45h54b55ab_0
- r-evaluate=1.0.5=r45hc72bb7e_1
- r-fansi=1.0.7=r45h54b55ab_0
- r-farver=2.1.2=r45h3697838_2
- r-fastcluster=1.3.0=r45h3697838_1
- r-fastmap=1.2.0=r45h3697838_2
- r-fastmatch=1.1_8=r45h54b55ab_0
- r-filelock=1.0.3=r45h54b55ab_2
- r-findpython=1.0.9=r45hc72bb7e_1
- r-fontawesome=0.5.3=r45hc72bb7e_1
- r-forcats=1.0.1=r45hc72bb7e_0
- r-formatr=1.14=r45hc72bb7e_3
- r-fs=2.1.0=r45h3697838_0
- r-futile.logger=1.4.9=r45hc72bb7e_0
- r-futile.options=1.0.1=r45hc72bb7e_1006
- r-gargle=1.6.1=r45h785f33e_0
- r-generics=0.1.4=r45hc72bb7e_1
- r-ggplot2=4.0.3=r45h785f33e_0
- r-glue=1.8.1=r45h54b55ab_0
- r-googledrive=2.1.2=r45hc72bb7e_1
- r-googlesheets4=1.1.2=r45h785f33e_1
- r-gplots=3.3.0=r45hc72bb7e_0
- r-gtable=0.3.6=r45hc72bb7e_1
- r-gtools=3.9.5=r45h54b55ab_2
- r-haven=2.5.5=r45h6d565e7_1
- r-highr=0.12=r45hc72bb7e_0
- r-hms=1.1.4=r45hc72bb7e_0
- r-htmltools=0.5.9=r45h3697838_0
- r-httr=1.4.8=r45hc72bb7e_0
- r-httr2=1.2.2=r45hc72bb7e_0
- r-hwriter=1.3.2.1=r45hc72bb7e_4
- r-ids=1.0.1=r45hc72bb7e_5
- r-igraph=2.3.2=r45hf411e2a_0
- r-isoband=0.3.0=r45h3697838_0
- r-jquerylib=0.1.4=r45hc72bb7e_4
- r-jsonlite=2.0.0=r45h54b55ab_1
- r-kernsmooth=2.23_26=r45ha0a88a1_1
- r-knitr=1.51=r45hc72bb7e_0
- r-labeling=0.4.3=r45hc72bb7e_2
- r-lambda.r=1.2.4=r45hc72bb7e_5
- r-lattice=0.22_9=r45h54b55ab_0
- r-lifecycle=1.0.5=r45hc72bb7e_0
- r-locfit=1.5_9.12=r45h54b55ab_1
- r-lubridate=1.9.5=r45h54b55ab_0
- r-magrittr=2.0.5=r45h54b55ab_0
- r-matrix=1.7_5=r45h0e4624f_0
- r-matrixstats=1.5.0=r45h54b55ab_1
- r-memoise=2.0.1=r45hc72bb7e_4
- r-mgcv=1.9_4=r45h0e4624f_0
- r-mime=0.13=r45h54b55ab_1
- r-modelr=0.1.11=r45hc72bb7e_3
- r-munsell=0.5.1=r45hc72bb7e_2
- r-nlme=3.1_169=r45heaba542_0
- r-openssl=2.4.1=r45h68c19f5_0
- r-phangorn=2.12.1=r45hf1899b2_3
- r-pillar=1.11.1=r45hc72bb7e_0
- r-pkgbuild=1.4.8=r45hc72bb7e_1
- r-pkgconfig=2.0.3=r45hc72bb7e_5
- r-pkgload=1.5.2=r45hc72bb7e_0
- r-plogr=0.2.0=r45hc72bb7e_1007
- r-plyr=1.8.9=r45h3697838_3
- r-png=0.1_9=r45haf2892b_0
- r-praise=1.0.0=r45hc72bb7e_1009
- r-prettyunits=1.2.0=r45hc72bb7e_2
- r-processx=3.9.0=r45h54b55ab_0
- r-progress=1.2.3=r45hc72bb7e_2
- r-ps=1.9.3=r45h54b55ab_0
- r-purrr=1.2.2=r45h54b55ab_0
- r-quadprog=1.5_8=r45ha0a88a1_7
- r-r6=2.6.1=r45hc72bb7e_1
- r-ragg=1.5.2=r45h9f1dc4d_0
- r-rappdirs=0.3.4=r45h54b55ab_0
- r-rcolorbrewer=1.1_3=r45h785f33e_4
- r-rcpp=1.1.1_1.1=r45h3697838_0
- r-rcpparmadillo=15.2.6_1=r45h3704496_0
- r-rcppeigen=0.3.4.0.2=r45h3704496_1
- r-rcurl=1.98_1.18=r45h46721d4_0
- r-readr=2.2.0=r45h3697838_0
- r-readxl=1.5.0=r45h10e25cc_0
- r-rematch=2.0.0=r45hc72bb7e_2
- r-rematch2=2.1.2=r45hc72bb7e_5
- r-reprex=2.1.1=r45hc72bb7e_2
- r-reshape2=1.4.5=r45h3697838_0
- r-restfulr=0.0.16=r45hf7ecca6_1
- r-rjson=0.2.23=r45h3697838_1
- r-rlang=1.2.0=r45h3697838_0
- r-rmarkdown=2.31=r45hc72bb7e_0
- r-rprojroot=2.1.1=r45hc72bb7e_1
- r-rsqlite=3.53.1=r45h3697838_0
- r-rstudioapi=0.18.0=r45hc72bb7e_0
- r-rvest=1.0.5=r45hc72bb7e_1
- r-s7=0.2.2=r45h54b55ab_0
- r-sass=0.4.10=r45h3697838_1
- r-scales=1.4.0=r45hc72bb7e_1
- r-selectr=0.5_1=r45hc72bb7e_0
- r-sm=2.2_6.0=r45heaba542_2
- r-snow=0.4_4=r45hc72bb7e_4
- r-statmod=1.5.2=r45hb1d0f04_0
- r-stringi=1.8.7=r45h2dae267_1
- r-stringr=1.6.0=r45h785f33e_0
- r-survival=3.8_6=r45h54b55ab_0
- r-sys=3.4.3=r45h54b55ab_1
- r-systemfonts=1.3.2=r45h74f4acd_0
- r-testthat=3.3.2=r45h3697838_0
- r-textshaping=1.0.4=r45h74f4acd_0
- r-tibble=3.3.1=r45h54b55ab_0
- r-tidyr=1.3.2=r45h3697838_0
- r-tidyselect=1.2.1=r45hc72bb7e_2
- r-tidyverse=2.0.0=r45h785f33e_3
- r-timechange=0.4.0=r45h3697838_0
- r-tinytex=0.59=r45hc72bb7e_0
- r-tzdb=0.5.0=r45h3697838_2
- r-utf8=1.2.6=r45h54b55ab_1
- r-uuid=1.2_2=r45h54b55ab_0
- r-vctrs=0.7.3=r45h3697838_0
- r-vioplot=0.5.1=r45hc72bb7e_1
- r-viridislite=0.4.3=r45hc72bb7e_0
- r-vroom=1.7.1=r45h3697838_0
- r-waldo=0.6.2=r45hc72bb7e_1
- r-withr=3.0.2=r45hc72bb7e_1
- r-xfun=0.57=r45h3697838_0
- r-xml=3.99_0.22=r45hf705907_0
- r-xml2=1.5.2=r45he78afff_0
- r-xtable=1.8_8=r45hc72bb7e_0
- r-yaml=2.3.12=r45h54b55ab_0
- r-zoo=1.8_15=r45h54b55ab_0
- raxml=8.2.13=h7b50bb2_3
- readline=8.3=h853b02a_0
- referencing=0.37.0=pyhcf101f3_0
- regex=2026.5.9=py310h7c4b9e2_0
- requests=2.34.2=pyhcf101f3_0
- reretry=0.11.8=pyhd8ed1ab_1
- rich=15.0.0=pyhcf101f3_0
- rich-click=1.9.8=pyh8f84b5b_0
- rpds-py=0.30.0=py310hd8f68c5_0
- rsem=1.3.3=pl5321h077b44d_12
- salmon=1.11.4=h7f96273_0
- samtools=1.23.1=ha83d96e_0
- sed=4.10=h19d0853_0
- sepp=4.5.5=py310h1fe012e_3
- setuptools=80.10.2=pyh332efcf_0
- six=1.17.0=pyhe01879c_1
- smart_open=7.6.1=pyhcf101f3_0
- smmap=5.0.3=pyhd8ed1ab_0
- snakemake-minimal=7.32.4=pyhdfd78af_1
- sniffio=1.3.1=pyhd8ed1ab_2
- spectra=0.0.11=pyhd8ed1ab_2
- sqlite=3.53.1=hbc0de68_0
- sra-tools=3.4.1=2_linux_64
- star=2.7.11b=h5ca1c30_8
- stopit=1.1.2=pyhcf101f3_2
- suitesparse=7.10.1=h5b2951e_7100101
- sysroot_linux-64=2.34=h087de78_3
- tabulate=0.10.0=pyhcf101f3_0
- tar=1.35=h3b78370_0
- tbb=2023.0.0=hab88423_2
- throttler=1.2.2=pyhd8ed1ab_0
- tiktoken=0.12.0=py310h790759e_3
- tk=8.6.13=noxft_h366c992_103
- tktable=2.10=h5a7a40f_8
- toml=0.10.2=pyhcf101f3_3
- tomlkit=0.15.0=pyha770c72_0
- toposort=1.10=pyhd8ed1ab_1
- tqdm=4.67.3=pyh8f84b5b_0
- traitlets=5.15.0=pyhcf101f3_0
- transdecoder=6.0.0=pl5321hdfd78af_0
- trimmomatic=0.40=hdfd78af_0
- trinity=2.15.2=pl5321h077b44d_6
- trinotate=4.0.2=pl5321hdfd78af_0
- typeguard=4.5.2=pyhcf101f3_0
- typing-extensions=4.15.0=h396c80c_0
- typing-inspection=0.4.2=pyhcf101f3_2
- typing_extensions=4.15.0=pyhcf101f3_0
- tzdata=2025c=hc9c84f9_1
- ucsc-bigwigsummary=482=h0b57e2e_0
- ucsc-fatotwobit=482=hdc0a859_0
- ucsc-twobitinfo=482=hdc0a859_0
- unicodedata2=17.0.1=py310h7c4b9e2_0
- urllib3=2.7.0=pyhd8ed1ab_0
- wget=1.25.0=h653f8fd_1
- wheel=0.47.0=pyhd8ed1ab_0
- wrapt=2.2.1=py310h7c4b9e2_0
- xmltodict=1.0.4=pyhcf101f3_0
- xorg-libice=1.1.2=hb9d3cd8_0
- xorg-libsm=1.2.6=he73a12e_0
- xorg-libx11=1.8.13=he1eb515_0
- xorg-libxau=1.0.12=hb03c661_1
- xorg-libxdmcp=1.1.5=hb03c661_1
- xorg-libxext=1.3.7=hb03c661_0
- xorg-libxfixes=6.0.2=hb03c661_0
- xorg-libxi=1.8.3=hb03c661_0
- xorg-libxrandr=1.5.5=hb03c661_0
- xorg-libxrender=0.9.12=hb9d3cd8_0
- xorg-libxt=1.3.1=hb9d3cd8_0
- xorg-libxtst=1.2.5=hb9d3cd8_3
- xz=5.8.3=ha02ee65_0
- xz-gpl-tools=5.8.3=ha02ee65_0
- xz-tools=5.8.3=hb03c661_0
- yaml=0.2.5=h280c20c_3
- yq=3.4.3=pyhe01879c_2
- yte=1.9.4=pyhd8ed1ab_0
- zipp=4.1.0=pyhcf101f3_0
- zlib=1.3.2=h25fd6f3_2
- zlib-ng=2.3.3=hceb46e0_1
- zstd=1.5.7=hb78ec9c_6
